
Microsoft Visual Studio Solution File, Format Version 12.00
# Visual Studio Version 17
VisualStudioVersion = 17.4.33122.133
MinimumVisualStudioVersion = 10.0.40219.1
Project("{9A19103F-16F7-4668-BE54-9A1E7A4F7556}") = "ApiApplication", "ApiApplication\ApiApplication.csproj", "{C7B14B43-2CFB-4F4C-9EB1-6A447298FF64}"
EndProject
Project("{9A19103F-16F7-4668-BE54-9A1E7A4F7556}") = "ApiHandler", "ApiHandler\ApiHandler.csproj", "{BB814E3E-89DC-4D2B-9021-CCA89DD1FC6A}"
EndProject
Project("{FAE04EC0-301F-11D3-BF4B-00C04F79EFBC}") = "TestProject1", "TestProject1\TestProject1.csproj", "{F08738A7-3C1E-419A-A558-EC7A26D488BE}"
EndProject
Global
	GlobalSection(SolutionConfigurationPlatforms) = preSolution
		Debug|Any CPU = Debug|Any CPU
		Release|Any CPU = Release|Any CPU
	EndGlobalSection
	GlobalSection(ProjectConfigurationPlatforms) = postSolution
		{C7B14B43-2CFB-4F4C-9EB1-6A447298FF64}.Debug|Any CPU.ActiveCfg = Debug|Any CPU
		{C7B14B43-2CFB-4F4C-9EB1-6A447298FF64}.Debug|Any CPU.Build.0 = Debug|Any CPU
		{C7B14B43-2CFB-4F4C-9EB1-6A447298FF64}.Release|Any CPU.ActiveCfg = Release|Any CPU
		{C7B14B43-2CFB-4F4C-9EB1-6A447298FF64}.Release|Any CPU.Build.0 = Release|Any CPU
		{BB814E3E-89DC-4D2B-9021-CCA89DD1FC6A}.Debug|Any CPU.ActiveCfg = Debug|Any CPU
		{BB814E3E-89DC-4D2B-9021-CCA89DD1FC6A}.Debug|Any CPU.Build.0 = Debug|Any CPU
		{BB814E3E-89DC-4D2B-9021-CCA89DD1FC6A}.Release|Any CPU.ActiveCfg = Release|Any CPU
		{BB814E3E-89DC-4D2B-9021-CCA89DD1FC6A}.Release|Any CPU.Build.0 = Release|Any CPU
		{F08738A7-3C1E-419A-A558-EC7A26D488BE}.Debug|Any CPU.ActiveCfg = Debug|Any CPU
		{F08738A7-3C1E-419A-A558-EC7A26D488BE}.Debug|Any CPU.Build.0 = Debug|Any CPU
		{F08738A7-3C1E-419A-A558-EC7A26D488BE}.Release|Any CPU.ActiveCfg = Release|Any CPU
		{F08738A7-3C1E-419A-A558-EC7A26D488BE}.Release|Any CPU.Build.0 = Release|Any CPU
	EndGlobalSection
	GlobalSection(SolutionProperties) = preSolution
		HideSolutionNode = FALSE
	EndGlobalSection
	GlobalSection(ExtensibilityGlobals) = postSolution
		SolutionGuid = {6D51BA12-3B6D-494D-9886-D244EE3EB61F}
	EndGlobalSection
EndGlobal
